
Microsoft Visual Studio Solution File, Format Version 12.00
# Visual Studio Version 17
VisualStudioVersion = 17.11.35327.3
MinimumVisualStudioVersion = 10.0.40219.1
Project("{FAE04EC0-301F-11D3-BF4B-00C04F79EFBC}") = "CCC_WebApplication", "CCC_WebApplication.csproj", "{64FDE472-ECBC-4D32-8EBC-2B7596601242}"
EndProject
Project("{FAE04EC0-301F-11D3-BF4B-00C04F79EFBC}") = "Model", "..\Model\Model.csproj", "{8C6A5A0E-A333-4DCE-AA33-91FB31E1F4DC}"
EndProject
Project("{FAE04EC0-301F-11D3-BF4B-00C04F79EFBC}") = "Service", "..\Service\Service.csproj", "{DF147296-24A5-45CD-9778-B18249E21A8D}"
EndProject
Project("{FAE04EC0-301F-11D3-BF4B-00C04F79EFBC}") = "Interface", "..\Interface\Interface.csproj", "{24D50F2F-12BB-4492-A381-A661FBDB1C8A}"
EndProject
Global
	GlobalSection(SolutionConfigurationPlatforms) = preSolution
		Debug|Any CPU = Debug|Any CPU
		Release|Any CPU = Release|Any CPU
	EndGlobalSection
	GlobalSection(ProjectConfigurationPlatforms) = postSolution
		{64FDE472-ECBC-4D32-8EBC-2B7596601242}.Debug|Any CPU.ActiveCfg = Debug|Any CPU
		{64FDE472-ECBC-4D32-8EBC-2B7596601242}.Debug|Any CPU.Build.0 = Debug|Any CPU
		{64FDE472-ECBC-4D32-8EBC-2B7596601242}.Release|Any CPU.ActiveCfg = Release|Any CPU
		{64FDE472-ECBC-4D32-8EBC-2B7596601242}.Release|Any CPU.Build.0 = Release|Any CPU
		{8C6A5A0E-A333-4DCE-AA33-91FB31E1F4DC}.Debug|Any CPU.ActiveCfg = Debug|Any CPU
		{8C6A5A0E-A333-4DCE-AA33-91FB31E1F4DC}.Debug|Any CPU.Build.0 = Debug|Any CPU
		{8C6A5A0E-A333-4DCE-AA33-91FB31E1F4DC}.Release|Any CPU.ActiveCfg = Release|Any CPU
		{8C6A5A0E-A333-4DCE-AA33-91FB31E1F4DC}.Release|Any CPU.Build.0 = Release|Any CPU
		{DF147296-24A5-45CD-9778-B18249E21A8D}.Debug|Any CPU.ActiveCfg = Debug|Any CPU
		{DF147296-24A5-45CD-9778-B18249E21A8D}.Debug|Any CPU.Build.0 = Debug|Any CPU
		{DF147296-24A5-45CD-9778-B18249E21A8D}.Release|Any CPU.ActiveCfg = Release|Any CPU
		{DF147296-24A5-45CD-9778-B18249E21A8D}.Release|Any CPU.Build.0 = Release|Any CPU
		{24D50F2F-12BB-4492-A381-A661FBDB1C8A}.Debug|Any CPU.ActiveCfg = Debug|Any CPU
		{24D50F2F-12BB-4492-A381-A661FBDB1C8A}.Debug|Any CPU.Build.0 = Debug|Any CPU
		{24D50F2F-12BB-4492-A381-A661FBDB1C8A}.Release|Any CPU.ActiveCfg = Release|Any CPU
		{24D50F2F-12BB-4492-A381-A661FBDB1C8A}.Release|Any CPU.Build.0 = Release|Any CPU
	EndGlobalSection
	GlobalSection(SolutionProperties) = preSolution
		HideSolutionNode = FALSE
	EndGlobalSection
	GlobalSection(ExtensibilityGlobals) = postSolution
		SolutionGuid = {01855D7F-6DC1-4FE3-A0CA-C82A481588EA}
	EndGlobalSection
EndGlobal
